<?xml version="1.0" encoding="utf-8"?>
<Project ToolsVersion="4.0" xmlns="http://schemas.microsoft.com/developer/msbuild/2003">
  <ItemGroup>
    <Filter Include="Source Files">
      <UniqueIdentifier>{4FC737F1-C7A5-4376-A066-2A32D752A2FF}</UniqueIdentifier>
      <Extensions>cpp;c;cc;cxx;def;odl;idl;hpj;bat;asm;asmx</Extensions>
    </Filter>
    <Filter Include="Header Files">
      <UniqueIdentifier>{93995380-89BD-4b04-88EB-625FBE52EBFB}</UniqueIdentifier>
      <Extensions>h;hh;hpp;hxx;hm;inl;inc;xsd</Extensions>
    </Filter>
    <Filter Include="Resource Files">
      <UniqueIdentifier>{67DA6AB6-F800-4c08-8B7A-83BB121AAD01}</UniqueIdentifier>
      <Extensions>rc;ico;cur;bmp;dlg;rc2;rct;bin;rgs;gif;jpg;jpeg;jpe;resx;tiff;tif;png;wav;mfcribbon-ms</Extensions>
    </Filter>
    <Filter Include="Source Files\Structs">
      <UniqueIdentifier>{a5d70cec-d6d1-4be9-808b-ecb754cafca9}</UniqueIdentifier>
    </Filter>
    <Filter Include="Header Files\Structs">
      <UniqueIdentifier>{9bbea099-5c6e-49eb-9f1a-4489646e852e}</UniqueIdentifier>
    </Filter>
  </ItemGroup>
  <ItemGroup>
    <Text Include="ReadMe.txt" />
  </ItemGroup>
  <ItemGroup>
    <ClInclude Include="stdafx.h">
      <Filter>Header Files</Filter>
    </ClInclude>
    <ClInclude Include="targetver.h">
      <Filter>Header Files</Filter>
    </ClInclude>
    <ClInclude Include="Percentage.h">
      <Filter>Header Files\Structs</Filter>
    </ClInclude>
    <ClInclude Include="ManualFrameEntryModule.h">
      <Filter>Header Files\Structs</Filter>
    </ClInclude>
    <ClInclude Include="WindDirections.h">
      <Filter>Header Files\Structs</Filter>
    </ClInclude>
    <ClInclude Include="inputValidatorResponse.h">
      <Filter>Header Files\Structs</Filter>
    </ClInclude>
    <ClInclude Include="WeatherHistoryManager.h">
      <Filter>Header Files</Filter>
    </ClInclude>
    <ClInclude Include="WeatherStation.h">
      <Filter>Header Files</Filter>
    </ClInclude>
    <ClInclude Include="Temperature.h">
      <Filter>Header Files\Structs</Filter>
    </ClInclude>
    <ClInclude Include="Wind.h">
      <Filter>Header Files\Structs</Filter>
    </ClInclude>
    <ClInclude Include="WeatherMeasurement.h">
      <Filter>Header Files\Structs</Filter>
    </ClInclude>
    <ClInclude Include="WeatherMeasurementResponse.h">
      <Filter>Header Files\Structs</Filter>
    </ClInclude>
  </ItemGroup>
  <ItemGroup>
    <ClCompile Include="stdafx.cpp">
      <Filter>Source Files</Filter>
    </ClCompile>
    <ClCompile Include="WeatherStation.cpp">
      <Filter>Source Files</Filter>
    </ClCompile>
    <ClCompile Include="ManualFrameEntryModule.cpp">
      <Filter>Source Files</Filter>
    </ClCompile>
    <ClCompile Include="WeatherHistoryManager.cpp">
      <Filter>Source Files</Filter>
    </ClCompile>
    <ClCompile Include="Temperature.cpp">
      <Filter>Source Files\Structs</Filter>
    </ClCompile>
    <ClCompile Include="Wind.cpp">
      <Filter>Source Files\Structs</Filter>
    </ClCompile>
    <ClCompile Include="WeatherMeasurement.cpp">
      <Filter>Source Files\Structs</Filter>
    </ClCompile>
  </ItemGroup>
</Project>